
Microsoft Visual Studio Solution File, Format Version 12.00
# Visual Studio Version 17
VisualStudioVersion = 17.3.32929.385
MinimumVisualStudioVersion = 10.0.40219.1
Project("{8BC9CEB8-8B4A-11D0-8D11-00A0C91BC942}") = "See_Battle", "See_Battle.vcxproj", "{510464BA-8EC8-4379-A6F1-3D8022CE926F}"
EndProject
Global
	GlobalSection(SolutionConfigurationPlatforms) = preSolution
		Debug|x64 = Debug|x64
		Debug|x86 = Debug|x86
		Release|x64 = Release|x64
		Release|x86 = Release|x86
	EndGlobalSection
	GlobalSection(ProjectConfigurationPlatforms) = postSolution
		{510464BA-8EC8-4379-A6F1-3D8022CE926F}.Debug|x64.ActiveCfg = Debug|x64
		{510464BA-8EC8-4379-A6F1-3D8022CE926F}.Debug|x64.Build.0 = Debug|x64
		{510464BA-8EC8-4379-A6F1-3D8022CE926F}.Debug|x86.ActiveCfg = Debug|Win32
		{510464BA-8EC8-4379-A6F1-3D8022CE926F}.Debug|x86.Build.0 = Debug|Win32
		{510464BA-8EC8-4379-A6F1-3D8022CE926F}.Release|x64.ActiveCfg = Release|x64
		{510464BA-8EC8-4379-A6F1-3D8022CE926F}.Release|x64.Build.0 = Release|x64
		{510464BA-8EC8-4379-A6F1-3D8022CE926F}.Release|x86.ActiveCfg = Release|Win32
		{510464BA-8EC8-4379-A6F1-3D8022CE926F}.Release|x86.Build.0 = Release|Win32
	EndGlobalSection
	GlobalSection(SolutionProperties) = preSolution
		HideSolutionNode = FALSE
	EndGlobalSection
	GlobalSection(ExtensibilityGlobals) = postSolution
		SolutionGuid = {BD8859BA-33E5-4776-B262-C4F068E90827}
	EndGlobalSection
EndGlobal
